
Microsoft Visual Studio Solution File, Format Version 12.00
# Visual Studio 14
VisualStudioVersion = 14.0.23107.0
MinimumVisualStudioVersion = 10.0.40219.1
Project("{2150E333-8FDC-42A3-9474-1A3956D46DE8}") = "Lib", "Lib", "{CF91CE05-6BAE-4FE2-B20D-7953CB0621C6}"
	ProjectSection(SolutionItems) = preProject
		Lib\M2Mqtt.Portable.dll = Lib\M2Mqtt.Portable.dll
	EndProjectSection
EndProject
Project("{2150E333-8FDC-42A3-9474-1A3956D46DE8}") = "Demos", "Demos", "{FE772F20-6867-414B-B99F-80B33CE0BA39}"
EndProject
Project("{FAE04EC0-301F-11D3-BF4B-00C04F79EFBC}") = "ArduinoBTLED", "ArduinoBTLED\ArduinoBTLED.csproj", "{0FB183C0-F6D4-42A8-B2BC-E97B232A6CAB}"
EndProject
Project("{FAE04EC0-301F-11D3-BF4B-00C04F79EFBC}") = "Blinky.Complete", "Blinky.Complete\Blinky.Complete.csproj", "{ABEFCCF4-C82F-46E7-81BA-F0FDB44F4A18}"
EndProject
Project("{FAE04EC0-301F-11D3-BF4B-00C04F79EFBC}") = "EmoticonMqttWinIoT", "EmoticonMqttWinIoT\EmoticonMqttWinIoT.csproj", "{4DBF1650-C5EA-48CD-B4B4-8BC54BABE9C3}"
EndProject
Project("{FAE04EC0-301F-11D3-BF4B-00C04F79EFBC}") = "LEDPanelTouch", "LEDPanelTouch\LEDPanelTouch.csproj", "{932A0E08-D84D-449C-8A08-806D0B372E18}"
EndProject
Project("{FAE04EC0-301F-11D3-BF4B-00C04F79EFBC}") = "MqttEmotionViewer", "MqttEmotionViewer\MqttEmotionViewer.csproj", "{2FFBE72E-8F56-4A0E-BB76-758AE53FA80F}"
EndProject
Project("{FAE04EC0-301F-11D3-BF4B-00C04F79EFBC}") = "SpaceInvaders", "SpaceInvaders\SpaceInvaders.csproj", "{FEBC6561-0F53-4F85-B79B-FF87E3828242}"
EndProject
Project("{FAE04EC0-301F-11D3-BF4B-00C04F79EFBC}") = "TouchRGB", "TouchRGB\TouchRGB.csproj", "{1DFD0A8B-1EA1-4070-BC68-04318C86A7E0}"
EndProject
Project("{8BC9CEB8-8B4A-11D0-8D11-00A0C91BC942}") = "Microsoft.Maker.Firmata", "remote-wiring\Microsoft.Maker.win10\Microsoft.Maker.Firmata\Microsoft.Maker.Firmata.vcxproj", "{F0A53BC9-C617-47DD-8B68-F91E3502D633}"
EndProject
Project("{8BC9CEB8-8B4A-11D0-8D11-00A0C91BC942}") = "Microsoft.Maker.RemoteWiring", "remote-wiring\Microsoft.Maker.win10\Microsoft.Maker.RemoteWiring\Microsoft.Maker.RemoteWiring.vcxproj", "{5A8B1BB1-7CD5-47C4-A1F7-D7BCF5FACAD1}"
EndProject
Project("{8BC9CEB8-8B4A-11D0-8D11-00A0C91BC942}") = "Microsoft.Maker.Serial", "remote-wiring\Microsoft.Maker.win10\Microsoft.Maker.Serial\Microsoft.Maker.Serial.vcxproj", "{8376216C-282A-4927-B9EF-C2D545FE0BCA}"
EndProject
Project("{FAE04EC0-301F-11D3-BF4B-00C04F79EFBC}") = "ST.IoT.Demos.Utils", "ST.IoT.Demos.Utils\ST.IoT.Demos.Utils.csproj", "{B02C2AEA-16D6-4249-AC20-F89B8863E243}"
EndProject
Global
	GlobalSection(SolutionConfigurationPlatforms) = preSolution
		Debug|Any CPU = Debug|Any CPU
		Debug|ARM = Debug|ARM
		Debug|x64 = Debug|x64
		Debug|x86 = Debug|x86
		Release|Any CPU = Release|Any CPU
		Release|ARM = Release|ARM
		Release|x64 = Release|x64
		Release|x86 = Release|x86
	EndGlobalSection
	GlobalSection(ProjectConfigurationPlatforms) = postSolution
		{0FB183C0-F6D4-42A8-B2BC-E97B232A6CAB}.Debug|Any CPU.ActiveCfg = Debug|x86
		{0FB183C0-F6D4-42A8-B2BC-E97B232A6CAB}.Debug|ARM.ActiveCfg = Debug|ARM
		{0FB183C0-F6D4-42A8-B2BC-E97B232A6CAB}.Debug|ARM.Build.0 = Debug|ARM
		{0FB183C0-F6D4-42A8-B2BC-E97B232A6CAB}.Debug|ARM.Deploy.0 = Debug|ARM
		{0FB183C0-F6D4-42A8-B2BC-E97B232A6CAB}.Debug|x64.ActiveCfg = Debug|x64
		{0FB183C0-F6D4-42A8-B2BC-E97B232A6CAB}.Debug|x64.Build.0 = Debug|x64
		{0FB183C0-F6D4-42A8-B2BC-E97B232A6CAB}.Debug|x64.Deploy.0 = Debug|x64
		{0FB183C0-F6D4-42A8-B2BC-E97B232A6CAB}.Debug|x86.ActiveCfg = Debug|x86
		{0FB183C0-F6D4-42A8-B2BC-E97B232A6CAB}.Debug|x86.Build.0 = Debug|x86
		{0FB183C0-F6D4-42A8-B2BC-E97B232A6CAB}.Debug|x86.Deploy.0 = Debug|x86
		{0FB183C0-F6D4-42A8-B2BC-E97B232A6CAB}.Release|Any CPU.ActiveCfg = Release|x86
		{0FB183C0-F6D4-42A8-B2BC-E97B232A6CAB}.Release|ARM.ActiveCfg = Release|ARM
		{0FB183C0-F6D4-42A8-B2BC-E97B232A6CAB}.Release|ARM.Build.0 = Release|ARM
		{0FB183C0-F6D4-42A8-B2BC-E97B232A6CAB}.Release|ARM.Deploy.0 = Release|ARM
		{0FB183C0-F6D4-42A8-B2BC-E97B232A6CAB}.Release|x64.ActiveCfg = Release|x64
		{0FB183C0-F6D4-42A8-B2BC-E97B232A6CAB}.Release|x64.Build.0 = Release|x64
		{0FB183C0-F6D4-42A8-B2BC-E97B232A6CAB}.Release|x64.Deploy.0 = Release|x64
		{0FB183C0-F6D4-42A8-B2BC-E97B232A6CAB}.Release|x86.ActiveCfg = Release|x86
		{0FB183C0-F6D4-42A8-B2BC-E97B232A6CAB}.Release|x86.Build.0 = Release|x86
		{0FB183C0-F6D4-42A8-B2BC-E97B232A6CAB}.Release|x86.Deploy.0 = Release|x86
		{ABEFCCF4-C82F-46E7-81BA-F0FDB44F4A18}.Debug|Any CPU.ActiveCfg = Debug|x86
		{ABEFCCF4-C82F-46E7-81BA-F0FDB44F4A18}.Debug|ARM.ActiveCfg = Debug|ARM
		{ABEFCCF4-C82F-46E7-81BA-F0FDB44F4A18}.Debug|ARM.Build.0 = Debug|ARM
		{ABEFCCF4-C82F-46E7-81BA-F0FDB44F4A18}.Debug|ARM.Deploy.0 = Debug|ARM
		{ABEFCCF4-C82F-46E7-81BA-F0FDB44F4A18}.Debug|x64.ActiveCfg = Debug|x64
		{ABEFCCF4-C82F-46E7-81BA-F0FDB44F4A18}.Debug|x64.Build.0 = Debug|x64
		{ABEFCCF4-C82F-46E7-81BA-F0FDB44F4A18}.Debug|x64.Deploy.0 = Debug|x64
		{ABEFCCF4-C82F-46E7-81BA-F0FDB44F4A18}.Debug|x86.ActiveCfg = Debug|x86
		{ABEFCCF4-C82F-46E7-81BA-F0FDB44F4A18}.Debug|x86.Build.0 = Debug|x86
		{ABEFCCF4-C82F-46E7-81BA-F0FDB44F4A18}.Debug|x86.Deploy.0 = Debug|x86
		{ABEFCCF4-C82F-46E7-81BA-F0FDB44F4A18}.Release|Any CPU.ActiveCfg = Release|x86
		{ABEFCCF4-C82F-46E7-81BA-F0FDB44F4A18}.Release|ARM.ActiveCfg = Release|ARM
		{ABEFCCF4-C82F-46E7-81BA-F0FDB44F4A18}.Release|ARM.Build.0 = Release|ARM
		{ABEFCCF4-C82F-46E7-81BA-F0FDB44F4A18}.Release|ARM.Deploy.0 = Release|ARM
		{ABEFCCF4-C82F-46E7-81BA-F0FDB44F4A18}.Release|x64.ActiveCfg = Release|x64
		{ABEFCCF4-C82F-46E7-81BA-F0FDB44F4A18}.Release|x64.Build.0 = Release|x64
		{ABEFCCF4-C82F-46E7-81BA-F0FDB44F4A18}.Release|x64.Deploy.0 = Release|x64
		{ABEFCCF4-C82F-46E7-81BA-F0FDB44F4A18}.Release|x86.ActiveCfg = Release|x86
		{ABEFCCF4-C82F-46E7-81BA-F0FDB44F4A18}.Release|x86.Build.0 = Release|x86
		{ABEFCCF4-C82F-46E7-81BA-F0FDB44F4A18}.Release|x86.Deploy.0 = Release|x86
		{4DBF1650-C5EA-48CD-B4B4-8BC54BABE9C3}.Debug|Any CPU.ActiveCfg = Debug|x86
		{4DBF1650-C5EA-48CD-B4B4-8BC54BABE9C3}.Debug|ARM.ActiveCfg = Debug|ARM
		{4DBF1650-C5EA-48CD-B4B4-8BC54BABE9C3}.Debug|ARM.Build.0 = Debug|ARM
		{4DBF1650-C5EA-48CD-B4B4-8BC54BABE9C3}.Debug|ARM.Deploy.0 = Debug|ARM
		{4DBF1650-C5EA-48CD-B4B4-8BC54BABE9C3}.Debug|x64.ActiveCfg = Debug|x64
		{4DBF1650-C5EA-48CD-B4B4-8BC54BABE9C3}.Debug|x64.Build.0 = Debug|x64
		{4DBF1650-C5EA-48CD-B4B4-8BC54BABE9C3}.Debug|x64.Deploy.0 = Debug|x64
		{4DBF1650-C5EA-48CD-B4B4-8BC54BABE9C3}.Debug|x86.ActiveCfg = Debug|x86
		{4DBF1650-C5EA-48CD-B4B4-8BC54BABE9C3}.Debug|x86.Build.0 = Debug|x86
		{4DBF1650-C5EA-48CD-B4B4-8BC54BABE9C3}.Debug|x86.Deploy.0 = Debug|x86
		{4DBF1650-C5EA-48CD-B4B4-8BC54BABE9C3}.Release|Any CPU.ActiveCfg = Release|x86
		{4DBF1650-C5EA-48CD-B4B4-8BC54BABE9C3}.Release|ARM.ActiveCfg = Release|ARM
		{4DBF1650-C5EA-48CD-B4B4-8BC54BABE9C3}.Release|ARM.Build.0 = Release|ARM
		{4DBF1650-C5EA-48CD-B4B4-8BC54BABE9C3}.Release|ARM.Deploy.0 = Release|ARM
		{4DBF1650-C5EA-48CD-B4B4-8BC54BABE9C3}.Release|x64.ActiveCfg = Release|x64
		{4DBF1650-C5EA-48CD-B4B4-8BC54BABE9C3}.Release|x64.Build.0 = Release|x64
		{4DBF1650-C5EA-48CD-B4B4-8BC54BABE9C3}.Release|x64.Deploy.0 = Release|x64
		{4DBF1650-C5EA-48CD-B4B4-8BC54BABE9C3}.Release|x86.ActiveCfg = Release|x86
		{4DBF1650-C5EA-48CD-B4B4-8BC54BABE9C3}.Release|x86.Build.0 = Release|x86
		{4DBF1650-C5EA-48CD-B4B4-8BC54BABE9C3}.Release|x86.Deploy.0 = Release|x86
		{932A0E08-D84D-449C-8A08-806D0B372E18}.Debug|Any CPU.ActiveCfg = Debug|x86
		{932A0E08-D84D-449C-8A08-806D0B372E18}.Debug|ARM.ActiveCfg = Debug|ARM
		{932A0E08-D84D-449C-8A08-806D0B372E18}.Debug|ARM.Build.0 = Debug|ARM
		{932A0E08-D84D-449C-8A08-806D0B372E18}.Debug|ARM.Deploy.0 = Debug|ARM
		{932A0E08-D84D-449C-8A08-806D0B372E18}.Debug|x64.ActiveCfg = Debug|x64
		{932A0E08-D84D-449C-8A08-806D0B372E18}.Debug|x64.Build.0 = Debug|x64
		{932A0E08-D84D-449C-8A08-806D0B372E18}.Debug|x64.Deploy.0 = Debug|x64
		{932A0E08-D84D-449C-8A08-806D0B372E18}.Debug|x86.ActiveCfg = Debug|x86
		{932A0E08-D84D-449C-8A08-806D0B372E18}.Debug|x86.Build.0 = Debug|x86
		{932A0E08-D84D-449C-8A08-806D0B372E18}.Debug|x86.Deploy.0 = Debug|x86
		{932A0E08-D84D-449C-8A08-806D0B372E18}.Release|Any CPU.ActiveCfg = Release|x86
		{932A0E08-D84D-449C-8A08-806D0B372E18}.Release|ARM.ActiveCfg = Release|ARM
		{932A0E08-D84D-449C-8A08-806D0B372E18}.Release|ARM.Build.0 = Release|ARM
		{932A0E08-D84D-449C-8A08-806D0B372E18}.Release|ARM.Deploy.0 = Release|ARM
		{932A0E08-D84D-449C-8A08-806D0B372E18}.Release|x64.ActiveCfg = Release|x64
		{932A0E08-D84D-449C-8A08-806D0B372E18}.Release|x64.Build.0 = Release|x64
		{932A0E08-D84D-449C-8A08-806D0B372E18}.Release|x64.Deploy.0 = Release|x64
		{932A0E08-D84D-449C-8A08-806D0B372E18}.Release|x86.ActiveCfg = Release|x86
		{932A0E08-D84D-449C-8A08-806D0B372E18}.Release|x86.Build.0 = Release|x86
		{932A0E08-D84D-449C-8A08-806D0B372E18}.Release|x86.Deploy.0 = Release|x86
		{2FFBE72E-8F56-4A0E-BB76-758AE53FA80F}.Debug|Any CPU.ActiveCfg = Debug|x86
		{2FFBE72E-8F56-4A0E-BB76-758AE53FA80F}.Debug|ARM.ActiveCfg = Debug|ARM
		{2FFBE72E-8F56-4A0E-BB76-758AE53FA80F}.Debug|ARM.Build.0 = Debug|ARM
		{2FFBE72E-8F56-4A0E-BB76-758AE53FA80F}.Debug|ARM.Deploy.0 = Debug|ARM
		{2FFBE72E-8F56-4A0E-BB76-758AE53FA80F}.Debug|x64.ActiveCfg = Debug|x64
		{2FFBE72E-8F56-4A0E-BB76-758AE53FA80F}.Debug|x64.Build.0 = Debug|x64
		{2FFBE72E-8F56-4A0E-BB76-758AE53FA80F}.Debug|x64.Deploy.0 = Debug|x64
		{2FFBE72E-8F56-4A0E-BB76-758AE53FA80F}.Debug|x86.ActiveCfg = Debug|x86
		{2FFBE72E-8F56-4A0E-BB76-758AE53FA80F}.Debug|x86.Build.0 = Debug|x86
		{2FFBE72E-8F56-4A0E-BB76-758AE53FA80F}.Debug|x86.Deploy.0 = Debug|x86
		{2FFBE72E-8F56-4A0E-BB76-758AE53FA80F}.Release|Any CPU.ActiveCfg = Release|x86
		{2FFBE72E-8F56-4A0E-BB76-758AE53FA80F}.Release|ARM.ActiveCfg = Release|ARM
		{2FFBE72E-8F56-4A0E-BB76-758AE53FA80F}.Release|ARM.Build.0 = Release|ARM
		{2FFBE72E-8F56-4A0E-BB76-758AE53FA80F}.Release|ARM.Deploy.0 = Release|ARM
		{2FFBE72E-8F56-4A0E-BB76-758AE53FA80F}.Release|x64.ActiveCfg = Release|x64
		{2FFBE72E-8F56-4A0E-BB76-758AE53FA80F}.Release|x64.Build.0 = Release|x64
		{2FFBE72E-8F56-4A0E-BB76-758AE53FA80F}.Release|x64.Deploy.0 = Release|x64
		{2FFBE72E-8F56-4A0E-BB76-758AE53FA80F}.Release|x86.ActiveCfg = Release|x86
		{2FFBE72E-8F56-4A0E-BB76-758AE53FA80F}.Release|x86.Build.0 = Release|x86
		{2FFBE72E-8F56-4A0E-BB76-758AE53FA80F}.Release|x86.Deploy.0 = Release|x86
		{FEBC6561-0F53-4F85-B79B-FF87E3828242}.Debug|Any CPU.ActiveCfg = Debug|x86
		{FEBC6561-0F53-4F85-B79B-FF87E3828242}.Debug|ARM.ActiveCfg = Debug|ARM
		{FEBC6561-0F53-4F85-B79B-FF87E3828242}.Debug|ARM.Build.0 = Debug|ARM
		{FEBC6561-0F53-4F85-B79B-FF87E3828242}.Debug|ARM.Deploy.0 = Debug|ARM
		{FEBC6561-0F53-4F85-B79B-FF87E3828242}.Debug|x64.ActiveCfg = Debug|x64
		{FEBC6561-0F53-4F85-B79B-FF87E3828242}.Debug|x64.Build.0 = Debug|x64
		{FEBC6561-0F53-4F85-B79B-FF87E3828242}.Debug|x64.Deploy.0 = Debug|x64
		{FEBC6561-0F53-4F85-B79B-FF87E3828242}.Debug|x86.ActiveCfg = Debug|x86
		{FEBC6561-0F53-4F85-B79B-FF87E3828242}.Debug|x86.Build.0 = Debug|x86
		{FEBC6561-0F53-4F85-B79B-FF87E3828242}.Debug|x86.Deploy.0 = Debug|x86
		{FEBC6561-0F53-4F85-B79B-FF87E3828242}.Release|Any CPU.ActiveCfg = Release|x86
		{FEBC6561-0F53-4F85-B79B-FF87E3828242}.Release|ARM.ActiveCfg = Release|ARM
		{FEBC6561-0F53-4F85-B79B-FF87E3828242}.Release|ARM.Build.0 = Release|ARM
		{FEBC6561-0F53-4F85-B79B-FF87E3828242}.Release|ARM.Deploy.0 = Release|ARM
		{FEBC6561-0F53-4F85-B79B-FF87E3828242}.Release|x64.ActiveCfg = Release|x64
		{FEBC6561-0F53-4F85-B79B-FF87E3828242}.Release|x64.Build.0 = Release|x64
		{FEBC6561-0F53-4F85-B79B-FF87E3828242}.Release|x64.Deploy.0 = Release|x64
		{FEBC6561-0F53-4F85-B79B-FF87E3828242}.Release|x86.ActiveCfg = Release|x86
		{FEBC6561-0F53-4F85-B79B-FF87E3828242}.Release|x86.Build.0 = Release|x86
		{FEBC6561-0F53-4F85-B79B-FF87E3828242}.Release|x86.Deploy.0 = Release|x86
		{1DFD0A8B-1EA1-4070-BC68-04318C86A7E0}.Debug|Any CPU.ActiveCfg = Debug|x86
		{1DFD0A8B-1EA1-4070-BC68-04318C86A7E0}.Debug|ARM.ActiveCfg = Debug|ARM
		{1DFD0A8B-1EA1-4070-BC68-04318C86A7E0}.Debug|ARM.Build.0 = Debug|ARM
		{1DFD0A8B-1EA1-4070-BC68-04318C86A7E0}.Debug|ARM.Deploy.0 = Debug|ARM
		{1DFD0A8B-1EA1-4070-BC68-04318C86A7E0}.Debug|x64.ActiveCfg = Debug|x64
		{1DFD0A8B-1EA1-4070-BC68-04318C86A7E0}.Debug|x64.Build.0 = Debug|x64
		{1DFD0A8B-1EA1-4070-BC68-04318C86A7E0}.Debug|x64.Deploy.0 = Debug|x64
		{1DFD0A8B-1EA1-4070-BC68-04318C86A7E0}.Debug|x86.ActiveCfg = Debug|x86
		{1DFD0A8B-1EA1-4070-BC68-04318C86A7E0}.Debug|x86.Build.0 = Debug|x86
		{1DFD0A8B-1EA1-4070-BC68-04318C86A7E0}.Debug|x86.Deploy.0 = Debug|x86
		{1DFD0A8B-1EA1-4070-BC68-04318C86A7E0}.Release|Any CPU.ActiveCfg = Release|x86
		{1DFD0A8B-1EA1-4070-BC68-04318C86A7E0}.Release|ARM.ActiveCfg = Release|ARM
		{1DFD0A8B-1EA1-4070-BC68-04318C86A7E0}.Release|ARM.Build.0 = Release|ARM
		{1DFD0A8B-1EA1-4070-BC68-04318C86A7E0}.Release|ARM.Deploy.0 = Release|ARM
		{1DFD0A8B-1EA1-4070-BC68-04318C86A7E0}.Release|x64.ActiveCfg = Release|x64
		{1DFD0A8B-1EA1-4070-BC68-04318C86A7E0}.Release|x64.Build.0 = Release|x64
		{1DFD0A8B-1EA1-4070-BC68-04318C86A7E0}.Release|x64.Deploy.0 = Release|x64
		{1DFD0A8B-1EA1-4070-BC68-04318C86A7E0}.Release|x86.ActiveCfg = Release|x86
		{1DFD0A8B-1EA1-4070-BC68-04318C86A7E0}.Release|x86.Build.0 = Release|x86
		{1DFD0A8B-1EA1-4070-BC68-04318C86A7E0}.Release|x86.Deploy.0 = Release|x86
		{F0A53BC9-C617-47DD-8B68-F91E3502D633}.Debug|Any CPU.ActiveCfg = Debug|Win32
		{F0A53BC9-C617-47DD-8B68-F91E3502D633}.Debug|ARM.ActiveCfg = Debug|ARM
		{F0A53BC9-C617-47DD-8B68-F91E3502D633}.Debug|ARM.Build.0 = Debug|ARM
		{F0A53BC9-C617-47DD-8B68-F91E3502D633}.Debug|x64.ActiveCfg = Debug|x64
		{F0A53BC9-C617-47DD-8B68-F91E3502D633}.Debug|x64.Build.0 = Debug|x64
		{F0A53BC9-C617-47DD-8B68-F91E3502D633}.Debug|x86.ActiveCfg = Debug|Win32
		{F0A53BC9-C617-47DD-8B68-F91E3502D633}.Debug|x86.Build.0 = Debug|Win32
		{F0A53BC9-C617-47DD-8B68-F91E3502D633}.Release|Any CPU.ActiveCfg = Release|Win32
		{F0A53BC9-C617-47DD-8B68-F91E3502D633}.Release|ARM.ActiveCfg = Release|ARM
		{F0A53BC9-C617-47DD-8B68-F91E3502D633}.Release|ARM.Build.0 = Release|ARM
		{F0A53BC9-C617-47DD-8B68-F91E3502D633}.Release|x64.ActiveCfg = Release|x64
		{F0A53BC9-C617-47DD-8B68-F91E3502D633}.Release|x64.Build.0 = Release|x64
		{F0A53BC9-C617-47DD-8B68-F91E3502D633}.Release|x86.ActiveCfg = Release|Win32
		{F0A53BC9-C617-47DD-8B68-F91E3502D633}.Release|x86.Build.0 = Release|Win32
		{5A8B1BB1-7CD5-47C4-A1F7-D7BCF5FACAD1}.Debug|Any CPU.ActiveCfg = Debug|Win32
		{5A8B1BB1-7CD5-47C4-A1F7-D7BCF5FACAD1}.Debug|ARM.ActiveCfg = Debug|ARM
		{5A8B1BB1-7CD5-47C4-A1F7-D7BCF5FACAD1}.Debug|ARM.Build.0 = Debug|ARM
		{5A8B1BB1-7CD5-47C4-A1F7-D7BCF5FACAD1}.Debug|x64.ActiveCfg = Debug|x64
		{5A8B1BB1-7CD5-47C4-A1F7-D7BCF5FACAD1}.Debug|x64.Build.0 = Debug|x64
		{5A8B1BB1-7CD5-47C4-A1F7-D7BCF5FACAD1}.Debug|x86.ActiveCfg = Debug|Win32
		{5A8B1BB1-7CD5-47C4-A1F7-D7BCF5FACAD1}.Debug|x86.Build.0 = Debug|Win32
		{5A8B1BB1-7CD5-47C4-A1F7-D7BCF5FACAD1}.Release|Any CPU.ActiveCfg = Release|Win32
		{5A8B1BB1-7CD5-47C4-A1F7-D7BCF5FACAD1}.Release|ARM.ActiveCfg = Release|ARM
		{5A8B1BB1-7CD5-47C4-A1F7-D7BCF5FACAD1}.Release|ARM.Build.0 = Release|ARM
		{5A8B1BB1-7CD5-47C4-A1F7-D7BCF5FACAD1}.Release|x64.ActiveCfg = Release|x64
		{5A8B1BB1-7CD5-47C4-A1F7-D7BCF5FACAD1}.Release|x64.Build.0 = Release|x64
		{5A8B1BB1-7CD5-47C4-A1F7-D7BCF5FACAD1}.Release|x86.ActiveCfg = Release|Win32
		{5A8B1BB1-7CD5-47C4-A1F7-D7BCF5FACAD1}.Release|x86.Build.0 = Release|Win32
		{8376216C-282A-4927-B9EF-C2D545FE0BCA}.Debug|Any CPU.ActiveCfg = Debug|Win32
		{8376216C-282A-4927-B9EF-C2D545FE0BCA}.Debug|ARM.ActiveCfg = Debug|ARM
		{8376216C-282A-4927-B9EF-C2D545FE0BCA}.Debug|ARM.Build.0 = Debug|ARM
		{8376216C-282A-4927-B9EF-C2D545FE0BCA}.Debug|x64.ActiveCfg = Debug|x64
		{8376216C-282A-4927-B9EF-C2D545FE0BCA}.Debug|x64.Build.0 = Debug|x64
		{8376216C-282A-4927-B9EF-C2D545FE0BCA}.Debug|x86.ActiveCfg = Debug|Win32
		{8376216C-282A-4927-B9EF-C2D545FE0BCA}.Debug|x86.Build.0 = Debug|Win32
		{8376216C-282A-4927-B9EF-C2D545FE0BCA}.Release|Any CPU.ActiveCfg = Release|Win32
		{8376216C-282A-4927-B9EF-C2D545FE0BCA}.Release|ARM.ActiveCfg = Release|ARM
		{8376216C-282A-4927-B9EF-C2D545FE0BCA}.Release|ARM.Build.0 = Release|ARM
		{8376216C-282A-4927-B9EF-C2D545FE0BCA}.Release|x64.ActiveCfg = Release|x64
		{8376216C-282A-4927-B9EF-C2D545FE0BCA}.Release|x64.Build.0 = Release|x64
		{8376216C-282A-4927-B9EF-C2D545FE0BCA}.Release|x86.ActiveCfg = Release|Win32
		{8376216C-282A-4927-B9EF-C2D545FE0BCA}.Release|x86.Build.0 = Release|Win32
		{B02C2AEA-16D6-4249-AC20-F89B8863E243}.Debug|Any CPU.ActiveCfg = Debug|Any CPU
		{B02C2AEA-16D6-4249-AC20-F89B8863E243}.Debug|Any CPU.Build.0 = Debug|Any CPU
		{B02C2AEA-16D6-4249-AC20-F89B8863E243}.Debug|ARM.ActiveCfg = Debug|ARM
		{B02C2AEA-16D6-4249-AC20-F89B8863E243}.Debug|ARM.Build.0 = Debug|ARM
		{B02C2AEA-16D6-4249-AC20-F89B8863E243}.Debug|x64.ActiveCfg = Debug|x64
		{B02C2AEA-16D6-4249-AC20-F89B8863E243}.Debug|x64.Build.0 = Debug|x64
		{B02C2AEA-16D6-4249-AC20-F89B8863E243}.Debug|x86.ActiveCfg = Debug|x86
		{B02C2AEA-16D6-4249-AC20-F89B8863E243}.Debug|x86.Build.0 = Debug|x86
		{B02C2AEA-16D6-4249-AC20-F89B8863E243}.Release|Any CPU.ActiveCfg = Release|Any CPU
		{B02C2AEA-16D6-4249-AC20-F89B8863E243}.Release|Any CPU.Build.0 = Release|Any CPU
		{B02C2AEA-16D6-4249-AC20-F89B8863E243}.Release|ARM.ActiveCfg = Release|ARM
		{B02C2AEA-16D6-4249-AC20-F89B8863E243}.Release|ARM.Build.0 = Release|ARM
		{B02C2AEA-16D6-4249-AC20-F89B8863E243}.Release|x64.ActiveCfg = Release|x64
		{B02C2AEA-16D6-4249-AC20-F89B8863E243}.Release|x64.Build.0 = Release|x64
		{B02C2AEA-16D6-4249-AC20-F89B8863E243}.Release|x86.ActiveCfg = Release|x86
		{B02C2AEA-16D6-4249-AC20-F89B8863E243}.Release|x86.Build.0 = Release|x86
	EndGlobalSection
	GlobalSection(SolutionProperties) = preSolution
		HideSolutionNode = FALSE
	EndGlobalSection
	GlobalSection(NestedProjects) = preSolution
		{0FB183C0-F6D4-42A8-B2BC-E97B232A6CAB} = {FE772F20-6867-414B-B99F-80B33CE0BA39}
		{ABEFCCF4-C82F-46E7-81BA-F0FDB44F4A18} = {FE772F20-6867-414B-B99F-80B33CE0BA39}
		{4DBF1650-C5EA-48CD-B4B4-8BC54BABE9C3} = {FE772F20-6867-414B-B99F-80B33CE0BA39}
		{932A0E08-D84D-449C-8A08-806D0B372E18} = {FE772F20-6867-414B-B99F-80B33CE0BA39}
		{2FFBE72E-8F56-4A0E-BB76-758AE53FA80F} = {FE772F20-6867-414B-B99F-80B33CE0BA39}
		{FEBC6561-0F53-4F85-B79B-FF87E3828242} = {FE772F20-6867-414B-B99F-80B33CE0BA39}
		{1DFD0A8B-1EA1-4070-BC68-04318C86A7E0} = {FE772F20-6867-414B-B99F-80B33CE0BA39}
		{F0A53BC9-C617-47DD-8B68-F91E3502D633} = {CF91CE05-6BAE-4FE2-B20D-7953CB0621C6}
		{5A8B1BB1-7CD5-47C4-A1F7-D7BCF5FACAD1} = {CF91CE05-6BAE-4FE2-B20D-7953CB0621C6}
		{8376216C-282A-4927-B9EF-C2D545FE0BCA} = {CF91CE05-6BAE-4FE2-B20D-7953CB0621C6}
		{B02C2AEA-16D6-4249-AC20-F89B8863E243} = {CF91CE05-6BAE-4FE2-B20D-7953CB0621C6}
	EndGlobalSection
EndGlobal
